
Microsoft Visual Studio Solution File, Format Version 12.00
# Visual Studio 2013
VisualStudioVersion = 12.0.31101.0
MinimumVisualStudioVersion = 10.0.40219.1
Project("{FAE04EC0-301F-11D3-BF4B-00C04F79EFBC}") = "FAKESimple.Web", "FAKESimple.Web\FAKESimple.Web.csproj", "{6864115A-0A49-4EEF-9937-BAA9F1CE589F}"
EndProject
Project("{FAE04EC0-301F-11D3-BF4B-00C04F79EFBC}") = "FAKESimple.Lib", "FAKESimple.Lib\FAKESimple.Lib.csproj", "{B5E9CDCC-9557-4D66-9FAD-D801FFBEA29E}"
EndProject
Project("{FAE04EC0-301F-11D3-BF4B-00C04F79EFBC}") = "FAKESimple.Lib.Tests", "FAKESimple.Lib.Tests\FAKESimple.Lib.Tests.csproj", "{1860C621-83E9-4639-8A8E-D91DB7148D12}"
EndProject
Project("{2150E333-8FDC-42A3-9474-1A3956D46DE8}") = ".nuget", ".nuget", "{40D08FC3-A514-4F1B-ACB7-B065421CC500}"
	ProjectSection(SolutionItems) = preProject
		.nuget\packages.config = .nuget\packages.config
	EndProjectSection
EndProject
Global
	GlobalSection(SolutionConfigurationPlatforms) = preSolution
		Debug|Any CPU = Debug|Any CPU
		Release|Any CPU = Release|Any CPU
	EndGlobalSection
	GlobalSection(ProjectConfigurationPlatforms) = postSolution
		{6864115A-0A49-4EEF-9937-BAA9F1CE589F}.Debug|Any CPU.ActiveCfg = Debug|Any CPU
		{6864115A-0A49-4EEF-9937-BAA9F1CE589F}.Debug|Any CPU.Build.0 = Debug|Any CPU
		{6864115A-0A49-4EEF-9937-BAA9F1CE589F}.Release|Any CPU.ActiveCfg = Release|Any CPU
		{6864115A-0A49-4EEF-9937-BAA9F1CE589F}.Release|Any CPU.Build.0 = Release|Any CPU
		{B5E9CDCC-9557-4D66-9FAD-D801FFBEA29E}.Debug|Any CPU.ActiveCfg = Debug|Any CPU
		{B5E9CDCC-9557-4D66-9FAD-D801FFBEA29E}.Debug|Any CPU.Build.0 = Debug|Any CPU
		{B5E9CDCC-9557-4D66-9FAD-D801FFBEA29E}.Release|Any CPU.ActiveCfg = Release|Any CPU
		{B5E9CDCC-9557-4D66-9FAD-D801FFBEA29E}.Release|Any CPU.Build.0 = Release|Any CPU
		{1860C621-83E9-4639-8A8E-D91DB7148D12}.Debug|Any CPU.ActiveCfg = Debug|Any CPU
		{1860C621-83E9-4639-8A8E-D91DB7148D12}.Debug|Any CPU.Build.0 = Debug|Any CPU
		{1860C621-83E9-4639-8A8E-D91DB7148D12}.Release|Any CPU.ActiveCfg = Release|Any CPU
		{1860C621-83E9-4639-8A8E-D91DB7148D12}.Release|Any CPU.Build.0 = Release|Any CPU
	EndGlobalSection
	GlobalSection(SolutionProperties) = preSolution
		HideSolutionNode = FALSE
	EndGlobalSection
EndGlobal
